# THIS IS AN AUTOGENERATED FILE. DO NOT EDIT THIS FILE DIRECTLY.
# yarn lockfile v1


tile-lnglat-transform@^1.5.0:
  version "1.5.0"
  resolved "https://registry.npmmirror.com/tile-lnglat-transform/-/tile-lnglat-transform-1.5.0.tgz#e3b2be46ecf3a9ecb1055e389802cd4f88f97711"
  integrity sha512-ro6z+Wd53PnfS/+1Zg05W7koj8KXL9m5Q0NquY1bSXwfEYGNA+sVN41oIH4gbErULhRamAV/yz0x/RY4S29zpw==
